// !$*UTF8*$!
{
	archiveVersion = 1;
	classes = {
	};
	objectVersion = 55;
	objects = {

/* Begin PBXBuildFile section */
		C418BFC828CFE83F00ADA32C /* Enums.swift in Sources */ = {isa = PBXBuildFile; fileRef = C418BFC728CFE83F00ADA32C /* Enums.swift */; };
		C420003328D1EE78005EBBE0 /* isAdmin.swift in Sources */ = {isa = PBXBuildFile; fileRef = C420003228D1EE78005EBBE0 /* isAdmin.swift */; };
		C420003528D23D4D005EBBE0 /* DetailItemController.swift in Sources */ = {isa = PBXBuildFile; fileRef = C420003428D23D4D005EBBE0 /* DetailItemController.swift */; };
		C455E9AD28D3797900CFE382 /* PhosphateInline.ttf in Resources */ = {isa = PBXBuildFile; fileRef = C455E9AC28D3797900CFE382 /* PhosphateInline.ttf */; };
		C45BB46928EEED59008C038C /* AppendToCatalogViewController.swift in Sources */ = {isa = PBXBuildFile; fileRef = C45BB46828EEED59008C038C /* AppendToCatalogViewController.swift */; };
		C4628FCA28CE423800B15FDB /* CatalogViewModel.swift in Sources */ = {isa = PBXBuildFile; fileRef = C4628FC928CE423800B15FDB /* CatalogViewModel.swift */; };
		C465AFE628C4F01300D11811 /* AppDelegate.swift in Sources */ = {isa = PBXBuildFile; fileRef = C465AFE528C4F01300D11811 /* AppDelegate.swift */; };
		C465AFE828C4F01300D11811 /* SceneDelegate.swift in Sources */ = {isa = PBXBuildFile; fileRef = C465AFE728C4F01300D11811 /* SceneDelegate.swift */; };
		C465AFED28C4F01300D11811 /* Main.storyboard in Resources */ = {isa = PBXBuildFile; fileRef = C465AFEB28C4F01300D11811 /* Main.storyboard */; };
		C465AFEF28C4F01500D11811 /* Assets.xcassets in Resources */ = {isa = PBXBuildFile; fileRef = C465AFEE28C4F01500D11811 /* Assets.xcassets */; };
		C465AFF228C4F01500D11811 /* LaunchScreen.storyboard in Resources */ = {isa = PBXBuildFile; fileRef = C465AFF028C4F01500D11811 /* LaunchScreen.storyboard */; };
		C465AFFA28C4F3A100D11811 /* Gallery.swift in Sources */ = {isa = PBXBuildFile; fileRef = C465AFF928C4F3A100D11811 /* Gallery.swift */; };
		C465AFFD28C4F63000D11811 /* Catalog.swift in Sources */ = {isa = PBXBuildFile; fileRef = C465AFFC28C4F63000D11811 /* Catalog.swift */; };
		C465B00028C4F66000D11811 /* Cart.swift in Sources */ = {isa = PBXBuildFile; fileRef = C465AFFF28C4F66000D11811 /* Cart.swift */; };
		C465B00328C4F6CF00D11811 /* Orders.swift in Sources */ = {isa = PBXBuildFile; fileRef = C465B00228C4F6CF00D11811 /* Orders.swift */; };
		C465B00628C4F6EC00D11811 /* Account.swift in Sources */ = {isa = PBXBuildFile; fileRef = C465B00528C4F6EC00D11811 /* Account.swift */; };
		C465B00928C4F8D300D11811 /* TabBar.swift in Sources */ = {isa = PBXBuildFile; fileRef = C465B00828C4F8D300D11811 /* TabBar.swift */; };
		C4816A7E28F9BD9900C8B94B /* Extension + UIButton.swift in Sources */ = {isa = PBXBuildFile; fileRef = C4816A7D28F9BD9900C8B94B /* Extension + UIButton.swift */; };
		C48484A828C51D5100C868B7 /* GalleryCustomCell.swift in Sources */ = {isa = PBXBuildFile; fileRef = C48484A728C51D5100C868B7 /* GalleryCustomCell.swift */; };
		C48484AA28C61B0700C868B7 /* CatalogCustomCell.swift in Sources */ = {isa = PBXBuildFile; fileRef = C48484A928C61B0700C868B7 /* CatalogCustomCell.swift */; };
		C48484AC28C667CD00C868B7 /* CatalogModel.swift in Sources */ = {isa = PBXBuildFile; fileRef = C48484AB28C667CD00C868B7 /* CatalogModel.swift */; };
		C48484AE28C7959D00C868B7 /* ItemCell.swift in Sources */ = {isa = PBXBuildFile; fileRef = C48484AD28C7959D00C868B7 /* ItemCell.swift */; };
		C48484B028C7AB8400C868B7 /* BuyCell.swift in Sources */ = {isa = PBXBuildFile; fileRef = C48484AF28C7AB8400C868B7 /* BuyCell.swift */; };
		C48484B228C8C14D00C868B7 /* BuyPage.swift in Sources */ = {isa = PBXBuildFile; fileRef = C48484B128C8C14D00C868B7 /* BuyPage.swift */; };
		C48484B428C8F5D500C868B7 /* CatalogService.swift in Sources */ = {isa = PBXBuildFile; fileRef = C48484B328C8F5D500C868B7 /* CatalogService.swift */; };
		C48484B828CBA0B300C868B7 /* CatalogSectionHeader.swift in Sources */ = {isa = PBXBuildFile; fileRef = C48484B728CBA0B300C868B7 /* CatalogSectionHeader.swift */; };
		C488FC2228D264EC003A9A24 /* GifExtension.swift in Sources */ = {isa = PBXBuildFile; fileRef = C488FC2128D264EC003A9A24 /* GifExtension.swift */; };
		C488FC2628D266DC003A9A24 /* hungry.gif in Resources */ = {isa = PBXBuildFile; fileRef = C488FC2528D266DC003A9A24 /* hungry.gif */; };
		C4A761DF28D324E4001B8DCC /* ParseSwift in Frameworks */ = {isa = PBXBuildFile; productRef = C4A761DE28D324E4001B8DCC /* ParseSwift */; };
		C4A761E128D32AAC001B8DCC /* LoginController.swift in Sources */ = {isa = PBXBuildFile; fileRef = C4A761E028D32AAC001B8DCC /* LoginController.swift */; };
/* End PBXBuildFile section */

/* Begin PBXFileReference section */
		C418BFC728CFE83F00ADA32C /* Enums.swift */ = {isa = PBXFileReference; lastKnownFileType = sourcecode.swift; path = Enums.swift; sourceTree = "<group>"; };
		C420003228D1EE78005EBBE0 /* isAdmin.swift */ = {isa = PBXFileReference; lastKnownFileType = sourcecode.swift; path = isAdmin.swift; sourceTree = "<group>"; };
		C420003428D23D4D005EBBE0 /* DetailItemController.swift */ = {isa = PBXFileReference; lastKnownFileType = sourcecode.swift; path = DetailItemController.swift; sourceTree = "<group>"; };
		C455E9AC28D3797900CFE382 /* PhosphateInline.ttf */ = {isa = PBXFileReference; lastKnownFileType = file; path = PhosphateInline.ttf; sourceTree = "<group>"; };
		C45BB46828EEED59008C038C /* AppendToCatalogViewController.swift */ = {isa = PBXFileReference; lastKnownFileType = sourcecode.swift; path = AppendToCatalogViewController.swift; sourceTree = "<group>"; };
		C4628FC928CE423800B15FDB /* CatalogViewModel.swift */ = {isa = PBXFileReference; lastKnownFileType = sourcecode.swift; path = CatalogViewModel.swift; sourceTree = "<group>"; };
		C465AFE228C4F01300D11811 /* Candyies.app */ = {isa = PBXFileReference; explicitFileType = wrapper.application; includeInIndex = 0; path = Candyies.app; sourceTree = BUILT_PRODUCTS_DIR; };
		C465AFE528C4F01300D11811 /* AppDelegate.swift */ = {isa = PBXFileReference; lastKnownFileType = sourcecode.swift; path = AppDelegate.swift; sourceTree = "<group>"; };
		C465AFE728C4F01300D11811 /* SceneDelegate.swift */ = {isa = PBXFileReference; lastKnownFileType = sourcecode.swift; path = SceneDelegate.swift; sourceTree = "<group>"; };
		C465AFEC28C4F01300D11811 /* Base */ = {isa = PBXFileReference; lastKnownFileType = file.storyboard; name = Base; path = Base.lproj/Main.storyboard; sourceTree = "<group>"; };
		C465AFEE28C4F01500D11811 /* Assets.xcassets */ = {isa = PBXFileReference; lastKnownFileType = folder.assetcatalog; path = Assets.xcassets; sourceTree = "<group>"; };
		C465AFF128C4F01500D11811 /* Base */ = {isa = PBXFileReference; lastKnownFileType = file.storyboard; name = Base; path = Base.lproj/LaunchScreen.storyboard; sourceTree = "<group>"; };
		C465AFF328C4F01500D11811 /* Info.plist */ = {isa = PBXFileReference; lastKnownFileType = text.plist.xml; path = Info.plist; sourceTree = "<group>"; };
		C465AFF928C4F3A100D11811 /* Gallery.swift */ = {isa = PBXFileReference; lastKnownFileType = sourcecode.swift; path = Gallery.swift; sourceTree = "<group>"; };
		C465AFFC28C4F63000D11811 /* Catalog.swift */ = {isa = PBXFileReference; lastKnownFileType = sourcecode.swift; path = Catalog.swift; sourceTree = "<group>"; };
		C465AFFF28C4F66000D11811 /* Cart.swift */ = {isa = PBXFileReference; lastKnownFileType = sourcecode.swift; path = Cart.swift; sourceTree = "<group>"; };
		C465B00228C4F6CF00D11811 /* Orders.swift */ = {isa = PBXFileReference; lastKnownFileType = sourcecode.swift; path = Orders.swift; sourceTree = "<group>"; };
		C465B00528C4F6EC00D11811 /* Account.swift */ = {isa = PBXFileReference; lastKnownFileType = sourcecode.swift; path = Account.swift; sourceTree = "<group>"; };
		C465B00828C4F8D300D11811 /* TabBar.swift */ = {isa = PBXFileReference; lastKnownFileType = sourcecode.swift; path = TabBar.swift; sourceTree = "<group>"; };
		C4816A7D28F9BD9900C8B94B /* Extension + UIButton.swift */ = {isa = PBXFileReference; lastKnownFileType = sourcecode.swift; path = "Extension + UIButton.swift"; sourceTree = "<group>"; };
		C48484A728C51D5100C868B7 /* GalleryCustomCell.swift */ = {isa = PBXFileReference; lastKnownFileType = sourcecode.swift; path = GalleryCustomCell.swift; sourceTree = "<group>"; };
		C48484A928C61B0700C868B7 /* CatalogCustomCell.swift */ = {isa = PBXFileReference; lastKnownFileType = sourcecode.swift; path = CatalogCustomCell.swift; sourceTree = "<group>"; };
		C48484AB28C667CD00C868B7 /* CatalogModel.swift */ = {isa = PBXFileReference; lastKnownFileType = sourcecode.swift; path = CatalogModel.swift; sourceTree = "<group>"; };
		C48484AD28C7959D00C868B7 /* ItemCell.swift */ = {isa = PBXFileReference; lastKnownFileType = sourcecode.swift; path = ItemCell.swift; sourceTree = "<group>"; };
		C48484AF28C7AB8400C868B7 /* BuyCell.swift */ = {isa = PBXFileReference; lastKnownFileType = sourcecode.swift; path = BuyCell.swift; sourceTree = "<group>"; };
		C48484B128C8C14D00C868B7 /* BuyPage.swift */ = {isa = PBXFileReference; lastKnownFileType = sourcecode.swift; path = BuyPage.swift; sourceTree = "<group>"; };
		C48484B328C8F5D500C868B7 /* CatalogService.swift */ = {isa = PBXFileReference; lastKnownFileType = sourcecode.swift; path = CatalogService.swift; sourceTree = "<group>"; };
		C48484B728CBA0B300C868B7 /* CatalogSectionHeader.swift */ = {isa = PBXFileReference; lastKnownFileType = sourcecode.swift; path = CatalogSectionHeader.swift; sourceTree = "<group>"; };
		C488FC2128D264EC003A9A24 /* GifExtension.swift */ = {isa = PBXFileReference; lastKnownFileType = sourcecode.swift; path = GifExtension.swift; sourceTree = "<group>"; };
		C488FC2528D266DC003A9A24 /* hungry.gif */ = {isa = PBXFileReference; lastKnownFileType = image.gif; name = hungry.gif; path = ../../../../../../.Trash/hungry.gif; sourceTree = "<group>"; };
		C4A761E028D32AAC001B8DCC /* LoginController.swift */ = {isa = PBXFileReference; lastKnownFileType = sourcecode.swift; path = LoginController.swift; sourceTree = "<group>"; };
/* End PBXFileReference section */

/* Begin PBXFrameworksBuildPhase section */
		C465AFDF28C4F01300D11811 /* Frameworks */ = {
			isa = PBXFrameworksBuildPhase;
			buildActionMask = 2147483647;
			files = (
				C4A761DF28D324E4001B8DCC /* ParseSwift in Frameworks */,
			);
			runOnlyForDeploymentPostprocessing = 0;
		};
/* End PBXFrameworksBuildPhase section */

/* Begin PBXGroup section */
		C438D49D28D6006700ACB872 /* Login */ = {
			isa = PBXGroup;
			children = (
				C4A761E028D32AAC001B8DCC /* LoginController.swift */,
			);
			path = Login;
			sourceTree = "<group>";
		};
		C465AFD928C4F01300D11811 = {
			isa = PBXGroup;
			children = (
				C465AFE428C4F01300D11811 /* Candyies */,
				C465AFE328C4F01300D11811 /* Products */,
			);
			sourceTree = "<group>";
		};
		C465AFE328C4F01300D11811 /* Products */ = {
			isa = PBXGroup;
			children = (
				C465AFE228C4F01300D11811 /* Candyies.app */,
			);
			name = Products;
			sourceTree = "<group>";
		};
		C465AFE428C4F01300D11811 /* Candyies */ = {
			isa = PBXGroup;
			children = (
				C465AFE528C4F01300D11811 /* AppDelegate.swift */,
				C465AFE728C4F01300D11811 /* SceneDelegate.swift */,
				C465B00828C4F8D300D11811 /* TabBar.swift */,
				C438D49D28D6006700ACB872 /* Login */,
				C465AFFB28C4F3B800D11811 /* Gallery */,
				C465AFFE28C4F63700D11811 /* Catalog */,
				C465B00128C4F6A100D11811 /* Cart */,
				C465B00428C4F6D500D11811 /* Orders */,
				C465B00728C4F6FA00D11811 /* Account */,
				C4816A7C28F9AA6300C8B94B /* Services */,
				C4A761E228D375C0001B8DCC /* Fonts */,
				C4816A7F28F9BD9E00C8B94B /* Extensions */,
				C465AFEB28C4F01300D11811 /* Main.storyboard */,
				C465AFF028C4F01500D11811 /* LaunchScreen.storyboard */,
				C465AFEE28C4F01500D11811 /* Assets.xcassets */,
				C465AFF328C4F01500D11811 /* Info.plist */,
			);
			path = Candyies;
			sourceTree = "<group>";
		};
		C465AFFB28C4F3B800D11811 /* Gallery */ = {
			isa = PBXGroup;
			children = (
				C465AFF928C4F3A100D11811 /* Gallery.swift */,
				C48484A728C51D5100C868B7 /* GalleryCustomCell.swift */,
			);
			path = Gallery;
			sourceTree = "<group>";
		};
		C465AFFE28C4F63700D11811 /* Catalog */ = {
			isa = PBXGroup;
			children = (
				C465AFFC28C4F63000D11811 /* Catalog.swift */,
				C4816A7928F9A9D600C8B94B /* Cells */,
				C4816A7A28F9A9E200C8B94B /* Headers */,
				C4816A7B28F9AA2600C8B94B /* CatalogVCs */,
				C48484B928CBA0BE00C868B7 /* Model */,
			);
			path = Catalog;
			sourceTree = "<group>";
		};
		C465B00128C4F6A100D11811 /* Cart */ = {
			isa = PBXGroup;
			children = (
				C465AFFF28C4F66000D11811 /* Cart.swift */,
				C4816A7828F9A9C000C8B94B /* Cells */,
				C48484B128C8C14D00C868B7 /* BuyPage.swift */,
				C488FC2028D264D1003A9A24 /* Gif */,
			);
			path = Cart;
			sourceTree = "<group>";
		};
		C465B00428C4F6D500D11811 /* Orders */ = {
			isa = PBXGroup;
			children = (
				C465B00228C4F6CF00D11811 /* Orders.swift */,
			);
			path = Orders;
			sourceTree = "<group>";
		};
		C465B00728C4F6FA00D11811 /* Account */ = {
			isa = PBXGroup;
			children = (
				C465B00528C4F6EC00D11811 /* Account.swift */,
			);
			path = Account;
			sourceTree = "<group>";
		};
		C4816A7828F9A9C000C8B94B /* Cells */ = {
			isa = PBXGroup;
			children = (
				C48484AD28C7959D00C868B7 /* ItemCell.swift */,
				C48484AF28C7AB8400C868B7 /* BuyCell.swift */,
			);
			path = Cells;
			sourceTree = "<group>";
		};
		C4816A7928F9A9D600C8B94B /* Cells */ = {
			isa = PBXGroup;
			children = (
				C48484A928C61B0700C868B7 /* CatalogCustomCell.swift */,
			);
			path = Cells;
			sourceTree = "<group>";
		};
		C4816A7A28F9A9E200C8B94B /* Headers */ = {
			isa = PBXGroup;
			children = (
				C48484B728CBA0B300C868B7 /* CatalogSectionHeader.swift */,
			);
			path = Headers;
			sourceTree = "<group>";
		};
		C4816A7B28F9AA2600C8B94B /* CatalogVCs */ = {
			isa = PBXGroup;
			children = (
				C420003428D23D4D005EBBE0 /* DetailItemController.swift */,
				C45BB46828EEED59008C038C /* AppendToCatalogViewController.swift */,
			);
			path = CatalogVCs;
			sourceTree = "<group>";
		};
		C4816A7C28F9AA6300C8B94B /* Services */ = {
			isa = PBXGroup;
			children = (
				C48484B328C8F5D500C868B7 /* CatalogService.swift */,
			);
			path = Services;
			sourceTree = "<group>";
		};
		C4816A7F28F9BD9E00C8B94B /* Extensions */ = {
			isa = PBXGroup;
			children = (
				C4816A7D28F9BD9900C8B94B /* Extension + UIButton.swift */,
			);
			path = Extensions;
			sourceTree = "<group>";
		};
		C48484B928CBA0BE00C868B7 /* Model */ = {
			isa = PBXGroup;
			children = (
				C4628FC928CE423800B15FDB /* CatalogViewModel.swift */,
				C420003228D1EE78005EBBE0 /* isAdmin.swift */,
				C48484AB28C667CD00C868B7 /* CatalogModel.swift */,
				C418BFC728CFE83F00ADA32C /* Enums.swift */,
			);
			path = Model;
			sourceTree = "<group>";
		};
		C488FC2028D264D1003A9A24 /* Gif */ = {
			isa = PBXGroup;
			children = (
				C488FC2128D264EC003A9A24 /* GifExtension.swift */,
				C488FC2528D266DC003A9A24 /* hungry.gif */,
			);
			path = Gif;
			sourceTree = "<group>";
		};
		C4A761E228D375C0001B8DCC /* Fonts */ = {
			isa = PBXGroup;
			children = (
				C455E9AC28D3797900CFE382 /* PhosphateInline.ttf */,
			);
			path = Fonts;
			sourceTree = "<group>";
		};
/* End PBXGroup section */

/* Begin PBXNativeTarget section */
		C465AFE128C4F01300D11811 /* Candyies */ = {
			isa = PBXNativeTarget;
			buildConfigurationList = C465AFF628C4F01500D11811 /* Build configuration list for PBXNativeTarget "Candyies" */;
			buildPhases = (
				C465AFDE28C4F01300D11811 /* Sources */,
				C465AFDF28C4F01300D11811 /* Frameworks */,
				C465AFE028C4F01300D11811 /* Resources */,
			);
			buildRules = (
			);
			dependencies = (
			);
			name = Candyies;
			packageProductDependencies = (
				C4A761DE28D324E4001B8DCC /* ParseSwift */,
			);
			productName = Candyies;
			productReference = C465AFE228C4F01300D11811 /* Candyies.app */;
			productType = "com.apple.product-type.application";
		};
/* End PBXNativeTarget section */

/* Begin PBXProject section */
		C465AFDA28C4F01300D11811 /* Project object */ = {
			isa = PBXProject;
			attributes = {
				BuildIndependentTargetsInParallel = 1;
				LastSwiftUpdateCheck = 1340;
				LastUpgradeCheck = 1340;
				TargetAttributes = {
					C465AFE128C4F01300D11811 = {
						CreatedOnToolsVersion = 13.4.1;
					};
				};
			};
			buildConfigurationList = C465AFDD28C4F01300D11811 /* Build configuration list for PBXProject "Candyies" */;
			compatibilityVersion = "Xcode 13.0";
			developmentRegion = en;
			hasScannedForEncodings = 0;
			knownRegions = (
				en,
				Base,
			);
			mainGroup = C465AFD928C4F01300D11811;
			packageReferences = (
				C4A761DD28D324E4001B8DCC /* XCRemoteSwiftPackageReference "Parse-Swift" */,
			);
			productRefGroup = C465AFE328C4F01300D11811 /* Products */;
			projectDirPath = "";
			projectRoot = "";
			targets = (
				C465AFE128C4F01300D11811 /* Candyies */,
			);
		};
/* End PBXProject section */

/* Begin PBXResourcesBuildPhase section */
		C465AFE028C4F01300D11811 /* Resources */ = {
			isa = PBXResourcesBuildPhase;
			buildActionMask = 2147483647;
			files = (
				C465AFF228C4F01500D11811 /* LaunchScreen.storyboard in Resources */,
				C465AFEF28C4F01500D11811 /* Assets.xcassets in Resources */,
				C465AFED28C4F01300D11811 /* Main.storyboard in Resources */,
				C455E9AD28D3797900CFE382 /* PhosphateInline.ttf in Resources */,
				C488FC2628D266DC003A9A24 /* hungry.gif in Resources */,
			);
			runOnlyForDeploymentPostprocessing = 0;
		};
/* End PBXResourcesBuildPhase section */

/* Begin PBXSourcesBuildPhase section */
		C465AFDE28C4F01300D11811 /* Sources */ = {
			isa = PBXSourcesBuildPhase;
			buildActionMask = 2147483647;
			files = (
				C48484A828C51D5100C868B7 /* GalleryCustomCell.swift in Sources */,
				C48484B228C8C14D00C868B7 /* BuyPage.swift in Sources */,
				C465AFFD28C4F63000D11811 /* Catalog.swift in Sources */,
				C465B00028C4F66000D11811 /* Cart.swift in Sources */,
				C48484AC28C667CD00C868B7 /* CatalogModel.swift in Sources */,
				C465AFFA28C4F3A100D11811 /* Gallery.swift in Sources */,
				C48484B428C8F5D500C868B7 /* CatalogService.swift in Sources */,
				C4816A7E28F9BD9900C8B94B /* Extension + UIButton.swift in Sources */,
				C45BB46928EEED59008C038C /* AppendToCatalogViewController.swift in Sources */,
				C488FC2228D264EC003A9A24 /* GifExtension.swift in Sources */,
				C465B00928C4F8D300D11811 /* TabBar.swift in Sources */,
				C465B00328C4F6CF00D11811 /* Orders.swift in Sources */,
				C48484AE28C7959D00C868B7 /* ItemCell.swift in Sources */,
				C4A761E128D32AAC001B8DCC /* LoginController.swift in Sources */,
				C465B00628C4F6EC00D11811 /* Account.swift in Sources */,
				C48484B828CBA0B300C868B7 /* CatalogSectionHeader.swift in Sources */,
				C4628FCA28CE423800B15FDB /* CatalogViewModel.swift in Sources */,
				C48484B028C7AB8400C868B7 /* BuyCell.swift in Sources */,
				C465AFE628C4F01300D11811 /* AppDelegate.swift in Sources */,
				C420003528D23D4D005EBBE0 /* DetailItemController.swift in Sources */,
				C465AFE828C4F01300D11811 /* SceneDelegate.swift in Sources */,
				C418BFC828CFE83F00ADA32C /* Enums.swift in Sources */,
				C48484AA28C61B0700C868B7 /* CatalogCustomCell.swift in Sources */,
				C420003328D1EE78005EBBE0 /* isAdmin.swift in Sources */,
			);
			runOnlyForDeploymentPostprocessing = 0;
		};
/* End PBXSourcesBuildPhase section */

/* Begin PBXVariantGroup section */
		C465AFEB28C4F01300D11811 /* Main.storyboard */ = {
			isa = PBXVariantGroup;
			children = (
				C465AFEC28C4F01300D11811 /* Base */,
			);
			name = Main.storyboard;
			sourceTree = "<group>";
		};
		C465AFF028C4F01500D11811 /* LaunchScreen.storyboard */ = {
			isa = PBXVariantGroup;
			children = (
				C465AFF128C4F01500D11811 /* Base */,
			);
			name = LaunchScreen.storyboard;
			sourceTree = "<group>";
		};
/* End PBXVariantGroup section */

/* Begin XCBuildConfiguration section */
		C465AFF428C4F01500D11811 /* Debug */ = {
			isa = XCBuildConfiguration;
			buildSettings = {
				ALWAYS_SEARCH_USER_PATHS = NO;
				CLANG_ANALYZER_NONNULL = YES;
				CLANG_ANALYZER_NUMBER_OBJECT_CONVERSION = YES_AGGRESSIVE;
				CLANG_CXX_LANGUAGE_STANDARD = "gnu++17";
				CLANG_ENABLE_MODULES = YES;
				CLANG_ENABLE_OBJC_ARC = YES;
				CLANG_ENABLE_OBJC_WEAK = YES;
				CLANG_WARN_BLOCK_CAPTURE_AUTORELEASING = YES;
				CLANG_WARN_BOOL_CONVERSION = YES;
				CLANG_WARN_COMMA = YES;
				CLANG_WARN_CONSTANT_CONVERSION = YES;
				CLANG_WARN_DEPRECATED_OBJC_IMPLEMENTATIONS = YES;
				CLANG_WARN_DIRECT_OBJC_ISA_USAGE = YES_ERROR;
				CLANG_WARN_DOCUMENTATION_COMMENTS = YES;
				CLANG_WARN_EMPTY_BODY = YES;
				CLANG_WARN_ENUM_CONVERSION = YES;
				CLANG_WARN_INFINITE_RECURSION = YES;
				CLANG_WARN_INT_CONVERSION = YES;
				CLANG_WARN_NON_LITERAL_NULL_CONVERSION = YES;
				CLANG_WARN_OBJC_IMPLICIT_RETAIN_SELF = YES;
				CLANG_WARN_OBJC_LITERAL_CONVERSION = YES;
				CLANG_WARN_OBJC_ROOT_CLASS = YES_ERROR;
				CLANG_WARN_QUOTED_INCLUDE_IN_FRAMEWORK_HEADER = YES;
				CLANG_WARN_RANGE_LOOP_ANALYSIS = YES;
				CLANG_WARN_STRICT_PROTOTYPES = YES;
				CLANG_WARN_SUSPICIOUS_MOVE = YES;
				CLANG_WARN_UNGUARDED_AVAILABILITY = YES_AGGRESSIVE;
				CLANG_WARN_UNREACHABLE_CODE = YES;
				CLANG_WARN__DUPLICATE_METHOD_MATCH = YES;
				COPY_PHASE_STRIP = NO;
				DEBUG_INFORMATION_FORMAT = dwarf;
				ENABLE_STRICT_OBJC_MSGSEND = YES;
				ENABLE_TESTABILITY = YES;
				GCC_C_LANGUAGE_STANDARD = gnu11;
				GCC_DYNAMIC_NO_PIC = NO;
				GCC_NO_COMMON_BLOCKS = YES;
				GCC_OPTIMIZATION_LEVEL = 0;
				GCC_PREPROCESSOR_DEFINITIONS = (
					"DEBUG=1",
					"$(inherited)",
				);
				GCC_WARN_64_TO_32_BIT_CONVERSION = YES;
				GCC_WARN_ABOUT_RETURN_TYPE = YES_ERROR;
				GCC_WARN_UNDECLARED_SELECTOR = YES;
				GCC_WARN_UNINITIALIZED_AUTOS = YES_AGGRESSIVE;
				GCC_WARN_UNUSED_FUNCTION = YES;
				GCC_WARN_UNUSED_VARIABLE = YES;
				IPHONEOS_DEPLOYMENT_TARGET = 15.5;
				MTL_ENABLE_DEBUG_INFO = INCLUDE_SOURCE;
				MTL_FAST_MATH = YES;
				ONLY_ACTIVE_ARCH = YES;
				SDKROOT = iphoneos;
				SWIFT_ACTIVE_COMPILATION_CONDITIONS = DEBUG;
				SWIFT_OPTIMIZATION_LEVEL = "-Onone";
			};
			name = Debug;
		};
		C465AFF528C4F01500D11811 /* Release */ = {
			isa = XCBuildConfiguration;
			buildSettings = {
				ALWAYS_SEARCH_USER_PATHS = NO;
				CLANG_ANALYZER_NONNULL = YES;
				CLANG_ANALYZER_NUMBER_OBJECT_CONVERSION = YES_AGGRESSIVE;
				CLANG_CXX_LANGUAGE_STANDARD = "gnu++17";
				CLANG_ENABLE_MODULES = YES;
				CLANG_ENABLE_OBJC_ARC = YES;
				CLANG_ENABLE_OBJC_WEAK = YES;
				CLANG_WARN_BLOCK_CAPTURE_AUTORELEASING = YES;
				CLANG_WARN_BOOL_CONVERSION = YES;
				CLANG_WARN_COMMA = YES;
				CLANG_WARN_CONSTANT_CONVERSION = YES;
				CLANG_WARN_DEPRECATED_OBJC_IMPLEMENTATIONS = YES;
				CLANG_WARN_DIRECT_OBJC_ISA_USAGE = YES_ERROR;
				CLANG_WARN_DOCUMENTATION_COMMENTS = YES;
				CLANG_WARN_EMPTY_BODY = YES;
				CLANG_WARN_ENUM_CONVERSION = YES;
				CLANG_WARN_INFINITE_RECURSION = YES;
				CLANG_WARN_INT_CONVERSION = YES;
				CLANG_WARN_NON_LITERAL_NULL_CONVERSION = YES;
				CLANG_WARN_OBJC_IMPLICIT_RETAIN_SELF = YES;
				CLANG_WARN_OBJC_LITERAL_CONVERSION = YES;
				CLANG_WARN_OBJC_ROOT_CLASS = YES_ERROR;
				CLANG_WARN_QUOTED_INCLUDE_IN_FRAMEWORK_HEADER = YES;
				CLANG_WARN_RANGE_LOOP_ANALYSIS = YES;
				CLANG_WARN_STRICT_PROTOTYPES = YES;
				CLANG_WARN_SUSPICIOUS_MOVE = YES;
				CLANG_WARN_UNGUARDED_AVAILABILITY = YES_AGGRESSIVE;
				CLANG_WARN_UNREACHABLE_CODE = YES;
				CLANG_WARN__DUPLICATE_METHOD_MATCH = YES;
				COPY_PHASE_STRIP = NO;
				DEBUG_INFORMATION_FORMAT = "dwarf-with-dsym";
				ENABLE_NS_ASSERTIONS = NO;
				ENABLE_STRICT_OBJC_MSGSEND = YES;
				GCC_C_LANGUAGE_STANDARD = gnu11;
				GCC_NO_COMMON_BLOCKS = YES;
				GCC_WARN_64_TO_32_BIT_CONVERSION = YES;
				GCC_WARN_ABOUT_RETURN_TYPE = YES_ERROR;
				GCC_WARN_UNDECLARED_SELECTOR = YES;
				GCC_WARN_UNINITIALIZED_AUTOS = YES_AGGRESSIVE;
				GCC_WARN_UNUSED_FUNCTION = YES;
				GCC_WARN_UNUSED_VARIABLE = YES;
				IPHONEOS_DEPLOYMENT_TARGET = 15.5;
				MTL_ENABLE_DEBUG_INFO = NO;
				MTL_FAST_MATH = YES;
				SDKROOT = iphoneos;
				SWIFT_COMPILATION_MODE = wholemodule;
				SWIFT_OPTIMIZATION_LEVEL = "-O";
				VALIDATE_PRODUCT = YES;
			};
			name = Release;
		};
		C465AFF728C4F01500D11811 /* Debug */ = {
			isa = XCBuildConfiguration;
			buildSettings = {
				ASSETCATALOG_COMPILER_APPICON_NAME = AppIcon;
				ASSETCATALOG_COMPILER_GLOBAL_ACCENT_COLOR_NAME = AccentColor;
				CODE_SIGN_STYLE = Automatic;
				CURRENT_PROJECT_VERSION = 1;
				DEVELOPMENT_TEAM = 8AP3BS5F75;
				GENERATE_INFOPLIST_FILE = YES;
				INFOPLIST_FILE = Candyies/Info.plist;
				INFOPLIST_KEY_UIApplicationSupportsIndirectInputEvents = YES;
				INFOPLIST_KEY_UILaunchStoryboardName = LaunchScreen;
				INFOPLIST_KEY_UIMainStoryboardFile = Main;
				INFOPLIST_KEY_UIRequiresFullScreen = NO;
				INFOPLIST_KEY_UIStatusBarStyle = "";
				INFOPLIST_KEY_UISupportedInterfaceOrientations = UIInterfaceOrientationPortrait;
				IPHONEOS_DEPLOYMENT_TARGET = 13.0;
				LD_RUNPATH_SEARCH_PATHS = (
					"$(inherited)",
					"@executable_path/Frameworks",
				);
				MARKETING_VERSION = 1.0;
				PRODUCT_BUNDLE_IDENTIFIER = "Kirill-Kuchmar.Candyies";
				PRODUCT_NAME = "$(TARGET_NAME)";
				SWIFT_EMIT_LOC_STRINGS = YES;
				SWIFT_VERSION = 5.0;
				TARGETED_DEVICE_FAMILY = "1,2";
			};
			name = Debug;
		};
		C465AFF828C4F01500D11811 /* Release */ = {
			isa = XCBuildConfiguration;
			buildSettings = {
				ASSETCATALOG_COMPILER_APPICON_NAME = AppIcon;
				ASSETCATALOG_COMPILER_GLOBAL_ACCENT_COLOR_NAME = AccentColor;
				CODE_SIGN_STYLE = Automatic;
				CURRENT_PROJECT_VERSION = 1;
				DEVELOPMENT_TEAM = 8AP3BS5F75;
				GENERATE_INFOPLIST_FILE = YES;
				INFOPLIST_FILE = Candyies/Info.plist;
				INFOPLIST_KEY_UIApplicationSupportsIndirectInputEvents = YES;
				INFOPLIST_KEY_UILaunchStoryboardName = LaunchScreen;
				INFOPLIST_KEY_UIMainStoryboardFile = Main;
				INFOPLIST_KEY_UIRequiresFullScreen = NO;
				INFOPLIST_KEY_UIStatusBarStyle = "";
				INFOPLIST_KEY_UISupportedInterfaceOrientations = UIInterfaceOrientationPortrait;
				IPHONEOS_DEPLOYMENT_TARGET = 13.0;
				LD_RUNPATH_SEARCH_PATHS = (
					"$(inherited)",
					"@executable_path/Frameworks",
				);
				MARKETING_VERSION = 1.0;
				PRODUCT_BUNDLE_IDENTIFIER = "Kirill-Kuchmar.Candyies";
				PRODUCT_NAME = "$(TARGET_NAME)";
				SWIFT_EMIT_LOC_STRINGS = YES;
				SWIFT_VERSION = 5.0;
				TARGETED_DEVICE_FAMILY = "1,2";
			};
			name = Release;
		};
/* End XCBuildConfiguration section */

/* Begin XCConfigurationList section */
		C465AFDD28C4F01300D11811 /* Build configuration list for PBXProject "Candyies" */ = {
			isa = XCConfigurationList;
			buildConfigurations = (
				C465AFF428C4F01500D11811 /* Debug */,
				C465AFF528C4F01500D11811 /* Release */,
			);
			defaultConfigurationIsVisible = 0;
			defaultConfigurationName = Release;
		};
		C465AFF628C4F01500D11811 /* Build configuration list for PBXNativeTarget "Candyies" */ = {
			isa = XCConfigurationList;
			buildConfigurations = (
				C465AFF728C4F01500D11811 /* Debug */,
				C465AFF828C4F01500D11811 /* Release */,
			);
			defaultConfigurationIsVisible = 0;
			defaultConfigurationName = Release;
		};
/* End XCConfigurationList section */

/* Begin XCRemoteSwiftPackageReference section */
		C4A761DD28D324E4001B8DCC /* XCRemoteSwiftPackageReference "Parse-Swift" */ = {
			isa = XCRemoteSwiftPackageReference;
			repositoryURL = "https://github.com/parse-community/Parse-Swift";
			requirement = {
				kind = upToNextMajorVersion;
				minimumVersion = 4.0.0;
			};
		};
/* End XCRemoteSwiftPackageReference section */

/* Begin XCSwiftPackageProductDependency section */
		C4A761DE28D324E4001B8DCC /* ParseSwift */ = {
			isa = XCSwiftPackageProductDependency;
			package = C4A761DD28D324E4001B8DCC /* XCRemoteSwiftPackageReference "Parse-Swift" */;
			productName = ParseSwift;
		};
/* End XCSwiftPackageProductDependency section */
	};
	rootObject = C465AFDA28C4F01300D11811 /* Project object */;
}
